
Microsoft Visual Studio Solution File, Format Version 11.00
# Visual Studio 2010
Project("{FAE04EC0-301F-11D3-BF4B-00C04F79EFBC}") = "Awareness", "Awareness\Awareness.csproj", "{110B694F-9ED0-48F5-B9B5-9A31C5C42876}"
EndProject
Project("{FAE04EC0-301F-11D3-BF4B-00C04F79EFBC}") = "Cadenza", "..\cadenza\src\Cadenza\Cadenza.csproj", "{F656F792-2CDE-4E17-BB5F-6A6F1C266CB8}"
EndProject
Project("{FAE04EC0-301F-11D3-BF4B-00C04F79EFBC}") = "Cadenza.Core", "..\cadenza\src\Cadenza.Core\Cadenza.Core.csproj", "{C84F2A75-81FD-42BA-8660-02A6CA773851}"
EndProject
Project("{FAE04EC0-301F-11D3-BF4B-00C04F79EFBC}") = "Awareness.Agnostic", "..\Awareness.Agnostic\Awareness.Agnostic.csproj", "{82AD0693-F389-44B2-929B-99334B88F49C}"
EndProject
Global
	GlobalSection(SolutionConfigurationPlatforms) = preSolution
		Debug|Any CPU = Debug|Any CPU
		Release|Any CPU = Release|Any CPU
	EndGlobalSection
	GlobalSection(ProjectConfigurationPlatforms) = postSolution
		{110B694F-9ED0-48F5-B9B5-9A31C5C42876}.Debug|Any CPU.ActiveCfg = Debug|Any CPU
		{110B694F-9ED0-48F5-B9B5-9A31C5C42876}.Debug|Any CPU.Build.0 = Debug|Any CPU
		{110B694F-9ED0-48F5-B9B5-9A31C5C42876}.Release|Any CPU.ActiveCfg = Release|Any CPU
		{110B694F-9ED0-48F5-B9B5-9A31C5C42876}.Release|Any CPU.Build.0 = Release|Any CPU
		{82AD0693-F389-44B2-929B-99334B88F49C}.Debug|Any CPU.ActiveCfg = Debug|Any CPU
		{82AD0693-F389-44B2-929B-99334B88F49C}.Debug|Any CPU.Build.0 = Debug|Any CPU
		{82AD0693-F389-44B2-929B-99334B88F49C}.Release|Any CPU.ActiveCfg = Release|Any CPU
		{82AD0693-F389-44B2-929B-99334B88F49C}.Release|Any CPU.Build.0 = Release|Any CPU
		{C84F2A75-81FD-42BA-8660-02A6CA773851}.Debug|Any CPU.ActiveCfg = Debug|Any CPU
		{C84F2A75-81FD-42BA-8660-02A6CA773851}.Debug|Any CPU.Build.0 = Debug|Any CPU
		{C84F2A75-81FD-42BA-8660-02A6CA773851}.Release|Any CPU.ActiveCfg = Release|Any CPU
		{C84F2A75-81FD-42BA-8660-02A6CA773851}.Release|Any CPU.Build.0 = Release|Any CPU
		{F656F792-2CDE-4E17-BB5F-6A6F1C266CB8}.Debug|Any CPU.ActiveCfg = Debug|Any CPU
		{F656F792-2CDE-4E17-BB5F-6A6F1C266CB8}.Debug|Any CPU.Build.0 = Debug|Any CPU
		{F656F792-2CDE-4E17-BB5F-6A6F1C266CB8}.Release|Any CPU.ActiveCfg = Release|Any CPU
		{F656F792-2CDE-4E17-BB5F-6A6F1C266CB8}.Release|Any CPU.Build.0 = Release|Any CPU
	EndGlobalSection
	GlobalSection(MonoDevelopProperties) = preSolution
		StartupItem = Awareness\Awareness.csproj
		Policies = $0
		$0.DotNetNamingPolicy = $1
		$1.DirectoryNamespaceAssociation = None
		$1.ResourceNamePolicy = FileFormatDefault
		$0.TextStylePolicy = $2
		$2.FileWidth = 120
		$2.inheritsSet = VisualStudio
		$2.inheritsScope = text/plain
		$2.scope = text/x-csharp
		$0.CSharpFormattingPolicy = $3
		$3.inheritsSet = Mono
		$3.inheritsScope = text/x-csharp
		$3.scope = text/x-csharp
		$0.StandardHeader = $4
		$4.Text = 
		$4.IncludeInNewFiles = True
		version = 1.1
	EndGlobalSection
EndGlobal
